
Microsoft Visual Studio Solution File, Format Version 12.00
# Visual Studio 2013
VisualStudioVersion = 12.0.21005.1
MinimumVisualStudioVersion = 10.0.40219.1
Project("{FAE04EC0-301F-11D3-BF4B-00C04F79EFBC}") = "MvcBookStore.Domain", "MvcBookStore.Domain\MvcBookStore.Domain.csproj", "{2E3DD60A-66A8-4288-9C98-1B5249AD9F0F}"
EndProject
Project("{FAE04EC0-301F-11D3-BF4B-00C04F79EFBC}") = "MvcBookStore.Domain.Tests", "MvcBookStore.Domain.Tests\MvcBookStore.Domain.Tests.csproj", "{F710AA69-4C53-43E4-85FD-9445C580324C}"
EndProject
Global
	GlobalSection(SolutionConfigurationPlatforms) = preSolution
		Debug|Any CPU = Debug|Any CPU
		Release|Any CPU = Release|Any CPU
	EndGlobalSection
	GlobalSection(ProjectConfigurationPlatforms) = postSolution
		{2E3DD60A-66A8-4288-9C98-1B5249AD9F0F}.Debug|Any CPU.ActiveCfg = Debug|Any CPU
		{2E3DD60A-66A8-4288-9C98-1B5249AD9F0F}.Debug|Any CPU.Build.0 = Debug|Any CPU
		{2E3DD60A-66A8-4288-9C98-1B5249AD9F0F}.Release|Any CPU.ActiveCfg = Release|Any CPU
		{2E3DD60A-66A8-4288-9C98-1B5249AD9F0F}.Release|Any CPU.Build.0 = Release|Any CPU
		{F710AA69-4C53-43E4-85FD-9445C580324C}.Debug|Any CPU.ActiveCfg = Debug|Any CPU
		{F710AA69-4C53-43E4-85FD-9445C580324C}.Debug|Any CPU.Build.0 = Debug|Any CPU
		{F710AA69-4C53-43E4-85FD-9445C580324C}.Release|Any CPU.ActiveCfg = Release|Any CPU
		{F710AA69-4C53-43E4-85FD-9445C580324C}.Release|Any CPU.Build.0 = Release|Any CPU
	EndGlobalSection
	GlobalSection(SolutionProperties) = preSolution
		HideSolutionNode = FALSE
	EndGlobalSection
EndGlobal
